<?xml version="1.0" encoding="utf-8"?>
<Project ToolsVersion="4.0" xmlns="http://schemas.microsoft.com/developer/msbuild/2003">
  <ItemGroup>
    <Filter Include="Source Files">
      <UniqueIdentifier>{4FC737F1-C7A5-4376-A066-2A32D752A2FF}</UniqueIdentifier>
      <Extensions>cpp;c;cc;cxx;c++;cppm;ixx;def;odl;idl;hpj;bat;asm;asmx</Extensions>
    </Filter>
    <Filter Include="Header Files">
      <UniqueIdentifier>{93995380-89BD-4b04-88EB-625FBE52EBFB}</UniqueIdentifier>
      <Extensions>h;hh;hpp;hxx;h++;hm;inl;inc;ipp;xsd</Extensions>
    </Filter>
    <Filter Include="Resource Files">
      <UniqueIdentifier>{67DA6AB6-F800-4c08-8B7A-83BB121AAD01}</UniqueIdentifier>
      <Extensions>rc;ico;cur;bmp;dlg;rc2;rct;bin;rgs;gif;jpg;jpeg;jpe;resx;tiff;tif;png;wav;mfcribbon-ms</Extensions>
    </Filter>
    <Filter Include="Header Files\Pets">
      <UniqueIdentifier>{e79a2155-dd4d-42dd-a35f-c2faa3d26271}</UniqueIdentifier>
    </Filter>
    <Filter Include="Source Files\Pets">
      <UniqueIdentifier>{e97829b6-2e57-48fd-9249-608a2c4fc2c4}</UniqueIdentifier>
    </Filter>
    <Filter Include="Header Files\DesignPatterns">
      <UniqueIdentifier>{7b04eed9-ea72-4cf1-8c57-56b176f31030}</UniqueIdentifier>
    </Filter>
    <Filter Include="Header Files\GameObjects">
      <UniqueIdentifier>{7e18bbe5-b277-4ea4-800f-ce6ff418f67a}</UniqueIdentifier>
    </Filter>
    <Filter Include="Header Files\GameStates">
      <UniqueIdentifier>{41a1307c-0b92-4633-bc12-b424dde1d1a4}</UniqueIdentifier>
    </Filter>
    <Filter Include="Header Files\Helpers">
      <UniqueIdentifier>{23ebf1a5-42b6-44f1-8594-17d9c9000bd9}</UniqueIdentifier>
    </Filter>
    <Filter Include="Source Files\DesignPatterns">
      <UniqueIdentifier>{51959dce-df4e-4b1b-9028-7830c8c8bc4a}</UniqueIdentifier>
    </Filter>
    <Filter Include="Source Files\GameObjects">
      <UniqueIdentifier>{f589bf8a-0063-4815-ab23-c5f592f73a80}</UniqueIdentifier>
    </Filter>
    <Filter Include="Source Files\GameStates">
      <UniqueIdentifier>{8151293b-3d88-44c3-a977-081dd684ad55}</UniqueIdentifier>
    </Filter>
    <Filter Include="Source Files\Helpers">
      <UniqueIdentifier>{4b43a601-e506-4b23-89d6-a4743a05cbfd}</UniqueIdentifier>
    </Filter>
    <Filter Include="Header Files\Actors">
      <UniqueIdentifier>{389eb84e-d061-4b5d-a960-aea5b0f30bba}</UniqueIdentifier>
    </Filter>
    <Filter Include="Header Files\Inventory">
      <UniqueIdentifier>{c23a4e0c-b396-4664-86e9-58b1f9c02dc6}</UniqueIdentifier>
    </Filter>
    <Filter Include="Header Files\DropPick">
      <UniqueIdentifier>{c12fedf2-46e8-4dfe-b1b1-98d99c146489}</UniqueIdentifier>
    </Filter>
    <Filter Include="Source Files\Actors">
      <UniqueIdentifier>{b90b0c1e-adb1-4526-aeca-47e7d0647084}</UniqueIdentifier>
    </Filter>
    <Filter Include="Source Files\Inventory">
      <UniqueIdentifier>{f2ef29ba-e9ae-4ff9-afd4-cb0149ade4d6}</UniqueIdentifier>
    </Filter>
    <Filter Include="Source Files\DropPick">
      <UniqueIdentifier>{48d6ac06-1d91-4da1-8bbb-3c665aa641e6}</UniqueIdentifier>
    </Filter>
    <Filter Include="Header Files\File">
      <UniqueIdentifier>{28aed408-a4c2-4574-b0a5-35398d633894}</UniqueIdentifier>
    </Filter>
    <Filter Include="Source Files\File">
      <UniqueIdentifier>{4b9b177a-d5f1-4aaf-be0f-0d5a27ca985b}</UniqueIdentifier>
    </Filter>
    <Filter Include="Header Files\Elements">
      <UniqueIdentifier>{e48e0cf0-51c6-4c32-8d00-ff7deb322e87}</UniqueIdentifier>
    </Filter>
    <Filter Include="Source Files\Elements">
      <UniqueIdentifier>{af61897d-929b-40f4-9890-7ac5ac2235ea}</UniqueIdentifier>
    </Filter>
  </ItemGroup>
  <ItemGroup>
    <ClCompile Include="main.cpp">
      <Filter>Source Files</Filter>
    </ClCompile>
    <ClCompile Include="helpers\BitmaskUtils.cpp">
      <Filter>Source Files\Helpers</Filter>
    </ClCompile>
    <ClCompile Include="helpers\CollisionUtils.cpp">
      <Filter>Source Files\Helpers</Filter>
    </ClCompile>
    <ClCompile Include="helpers\CoordUtils.cpp">
      <Filter>Source Files\Helpers</Filter>
    </ClCompile>
    <ClCompile Include="helpers\MatrixUtils.cpp">
      <Filter>Source Files\Helpers</Filter>
    </ClCompile>
    <ClCompile Include="helpers\RenderUtils.cpp">
      <Filter>Source Files\Helpers</Filter>
    </ClCompile>
    <ClCompile Include="helpers\Vec2Utils.cpp">
      <Filter>Source Files\Helpers</Filter>
    </ClCompile>
    <ClCompile Include="helpers\ColorUtils.cpp">
      <Filter>Source Files\Helpers</Filter>
    </ClCompile>
    <ClCompile Include="Camera.cpp">
      <Filter>Source Files</Filter>
    </ClCompile>
    <ClCompile Include="DesignPatterns\PostOffice.cpp">
      <Filter>Source Files\DesignPatterns</Filter>
    </ClCompile>
    <ClCompile Include="GameStateManager.cpp">
      <Filter>Source Files</Filter>
    </ClCompile>
    <ClCompile Include="GameStates\MainMenuState.cpp">
      <Filter>Source Files\GameStates</Filter>
    </ClCompile>
    <ClCompile Include="GameStates\GameState.cpp">
      <Filter>Source Files\GameStates</Filter>
    </ClCompile>
    <ClCompile Include="GameObjects\GameObject.cpp">
      <Filter>Source Files\GameObjects</Filter>
    </ClCompile>
    <ClCompile Include="RenderingManager.cpp">
      <Filter>Source Files</Filter>
    </ClCompile>
    <ClCompile Include="GameObjects\GameObjectManager.cpp">
      <Filter>Source Files\GameObjects</Filter>
    </ClCompile>
    <ClCompile Include="Music.cpp">
      <Filter>Source Files</Filter>
    </ClCompile>
    <ClCompile Include="Rendering\AnimationData.cpp">
      <Filter>Source Files</Filter>
    </ClCompile>
    <ClCompile Include="Rendering\RenderData.cpp">
      <Filter>Source Files</Filter>
    </ClCompile>
    <ClCompile Include="GameObjects\Projectile.cpp">
      <Filter>Source Files\GameObjects</Filter>
    </ClCompile>
    <ClCompile Include="Pets\Pet.cpp">
      <Filter>Source Files\Pets</Filter>
    </ClCompile>
    <ClCompile Include="Pets\PetManager.cpp">
      <Filter>Source Files\Pets</Filter>
    </ClCompile>
    <ClCompile Include="Pets\PetSkills.cpp">
      <Filter>Source Files\Pets</Filter>
    </ClCompile>
    <ClCompile Include="Actor\Actor.cpp">
      <Filter>Source Files\Actors</Filter>
    </ClCompile>
    <ClCompile Include="Actor\Enemy.cpp">
      <Filter>Source Files\Actors</Filter>
    </ClCompile>
    <ClCompile Include="Actor\Player.cpp">
      <Filter>Source Files\Actors</Filter>
    </ClCompile>
    <ClCompile Include="Actor\StatsCalc.cpp">
      <Filter>Source Files\Actors</Filter>
    </ClCompile>
    <ClCompile Include="Inventory\Inventory.cpp">
      <Filter>Source Files\Inventory</Filter>
    </ClCompile>
    <ClCompile Include="Drops\DropSystem.cpp">
      <Filter>Source Files\DropPick</Filter>
    </ClCompile>
    <ClCompile Include="Drops\PickupGO.cpp">
      <Filter>Source Files\DropPick</Filter>
    </ClCompile>
    <ClCompile Include="GameDB.cpp">
      <Filter>Source Files</Filter>
    </ClCompile>
    <ClCompile Include="Actor\StatusEffect.cpp">
      <Filter>Source Files\Actors</Filter>
    </ClCompile>
    <ClCompile Include="GameObjects\LootChest.cpp">
      <Filter>Source Files\GameObjects</Filter>
    </ClCompile>
    <ClCompile Include="TutorialData.cpp">
      <Filter>Source Files</Filter>
    </ClCompile>
    <ClCompile Include="GameStates\ShopState.cpp">
      <Filter>Source Files\GameStates</Filter>
    </ClCompile>
    <ClCompile Include="GameObjects\AttackHitboxGO.cpp">
      <Filter>Source Files\GameObjects</Filter>
    </ClCompile>
    <ClCompile Include="gacha.cpp">
      <Filter>Source Files</Filter>
    </ClCompile>
    <ClCompile Include="File\CSV.cpp">
      <Filter>Source Files\File</Filter>
    </ClCompile>
    <ClCompile Include="..\Extern\jsoncpp\src\lib_json\json_writer.cpp">
      <Filter>Source Files\File</Filter>
    </ClCompile>
    <ClCompile Include="..\Extern\jsoncpp\src\lib_json\json_reader.cpp">
      <Filter>Source Files\File</Filter>
    </ClCompile>
    <ClCompile Include="..\Extern\jsoncpp\src\lib_json\json_value.cpp">
      <Filter>Source Files\File</Filter>
    </ClCompile>
    <ClCompile Include="Map.cpp">
      <Filter>Source Files</Filter>
    </ClCompile>
    <ClCompile Include="TileMap.cpp">
      <Filter>Source Files</Filter>
    </ClCompile>
    <ClCompile Include="Minimap.cpp">
      <Filter>Source Files</Filter>
    </ClCompile>
    <ClCompile Include="Elements\Element.cpp">
      <Filter>Source Files\Elements</Filter>
    </ClCompile>
    <ClCompile Include="Elements\BloodElement.cpp">
      <Filter>Source Files\Elements</Filter>
    </ClCompile>
    <ClCompile Include="Elements\SunElement.cpp">
      <Filter>Source Files\Elements</Filter>
    </ClCompile>
    <ClCompile Include="Elements\MoonElement.cpp">
      <Filter>Source Files\Elements</Filter>
    </ClCompile>
  </ItemGroup>
  <ItemGroup>
    <ClInclude Include="main.h">
      <Filter>Header Files</Filter>
    </ClInclude>
    <ClInclude Include="helpers\BitmaskUtils.h">
      <Filter>Header Files\Helpers</Filter>
    </ClInclude>
    <ClInclude Include="helpers\CollisionUtils.h">
      <Filter>Header Files\Helpers</Filter>
    </ClInclude>
    <ClInclude Include="helpers\CoordUtils.h">
      <Filter>Header Files\Helpers</Filter>
    </ClInclude>
    <ClInclude Include="helpers\MatrixUtils.h">
      <Filter>Header Files\Helpers</Filter>
    </ClInclude>
    <ClInclude Include="helpers\RenderUtils.h">
      <Filter>Header Files\Helpers</Filter>
    </ClInclude>
    <ClInclude Include="helpers\Vec2Utils.h">
      <Filter>Header Files\Helpers</Filter>
    </ClInclude>
    <ClInclude Include="helpers\ColorUtils.h">
      <Filter>Header Files\Helpers</Filter>
    </ClInclude>
    <ClInclude Include="Camera.h">
      <Filter>Header Files</Filter>
    </ClInclude>
    <ClInclude Include="DesignPatterns\Message.h">
      <Filter>Header Files\DesignPatterns</Filter>
    </ClInclude>
    <ClInclude Include="DesignPatterns\ConcreteMessages.h">
      <Filter>Header Files\DesignPatterns</Filter>
    </ClInclude>
    <ClInclude Include="DesignPatterns\PostBox.h">
      <Filter>Header Files\DesignPatterns</Filter>
    </ClInclude>
    <ClInclude Include="DesignPatterns\PostOffice.h">
      <Filter>Header Files\DesignPatterns</Filter>
    </ClInclude>
    <ClInclude Include="DesignPatterns\Singleton.h">
      <Filter>Header Files\DesignPatterns</Filter>
    </ClInclude>
    <ClInclude Include="GameStateManager.h">
      <Filter>Header Files</Filter>
    </ClInclude>
    <ClInclude Include="GameStates\MainMenuState.h">
      <Filter>Header Files\GameStates</Filter>
    </ClInclude>
    <ClInclude Include="GameStates\GameState.h">
      <Filter>Header Files\GameStates</Filter>
    </ClInclude>
    <ClInclude Include="GameObjects\GameObject.h">
      <Filter>Header Files\GameObjects</Filter>
    </ClInclude>
    <ClInclude Include="RenderingManager.h">
      <Filter>Header Files</Filter>
    </ClInclude>
    <ClInclude Include="GameObjects\GameObjectManager.h">
      <Filter>Header Files\GameObjects</Filter>
    </ClInclude>
    <ClInclude Include="Music.h">
      <Filter>Header Files</Filter>
    </ClInclude>
    <ClInclude Include="Rendering\AnimationData.h">
      <Filter>Header Files</Filter>
    </ClInclude>
    <ClInclude Include="Rendering\RenderData.h">
      <Filter>Header Files</Filter>
    </ClInclude>
    <ClInclude Include="GameObjects\Projectile.h">
      <Filter>Header Files\GameObjects</Filter>
    </ClInclude>
    <ClInclude Include="GameObjects\GOTypeList.h">
      <Filter>Header Files\GameObjects</Filter>
    </ClInclude>
    <ClInclude Include="Pets\Pet.h">
      <Filter>Header Files\Pets</Filter>
    </ClInclude>
    <ClInclude Include="Pets\PetManager.h">
      <Filter>Header Files\Pets</Filter>
    </ClInclude>
    <ClInclude Include="Pets\PetConsts.h">
      <Filter>Header Files\Pets</Filter>
    </ClInclude>
    <ClInclude Include="Pets\PetSkills.h">
      <Filter>Header Files\Pets</Filter>
    </ClInclude>
    <ClInclude Include="GameObjects\LootChest.h">
      <Filter>Header Files\GameObjects</Filter>
    </ClInclude>
    <ClInclude Include="GameDB.h">
      <Filter>Header Files</Filter>
    </ClInclude>
    <ClInclude Include="Map.h">
      <Filter>Header Files</Filter>
    </ClInclude>
    <ClInclude Include="Actor\Enemy.h">
      <Filter>Header Files\Actors</Filter>
    </ClInclude>
    <ClInclude Include="Actor\EnemyDef.h">
      <Filter>Header Files\Actors</Filter>
    </ClInclude>
    <ClInclude Include="Actor\StatsCalc.h">
      <Filter>Header Files\Actors</Filter>
    </ClInclude>
    <ClInclude Include="Actor\StatsTypes.h">
      <Filter>Header Files\Actors</Filter>
    </ClInclude>
    <ClInclude Include="Actor\Player.h">
      <Filter>Header Files\Actors</Filter>
    </ClInclude>
    <ClInclude Include="Inventory\EquipmentTypes.h">
      <Filter>Header Files\Inventory</Filter>
    </ClInclude>
    <ClInclude Include="Inventory\Inventory.h">
      <Filter>Header Files\Inventory</Filter>
    </ClInclude>
    <ClInclude Include="Drops\DropSystem.h">
      <Filter>Header Files\DropPick</Filter>
    </ClInclude>
    <ClInclude Include="Drops\DropTypes.h">
      <Filter>Header Files\DropPick</Filter>
    </ClInclude>
    <ClInclude Include="Drops\PickupGO.h">
      <Filter>Header Files\DropPick</Filter>
    </ClInclude>
    <ClInclude Include="Drops\PickupPayload.h">
      <Filter>Header Files\DropPick</Filter>
    </ClInclude>
    <ClInclude Include="Actor\StatusEffect.h">
      <Filter>Header Files\Actors</Filter>
    </ClInclude>
    <ClInclude Include="Actor\Actor.h">
      <Filter>Header Files\Actors</Filter>
    </ClInclude>
    <ClInclude Include="TutorialData.h">
      <Filter>Header Files</Filter>
    </ClInclude>
    <ClInclude Include="DesignPatterns\Subscriber.h">
      <Filter>Header Files\DesignPatterns</Filter>
    </ClInclude>
    <ClInclude Include="GameStates\ShopState.h">
      <Filter>Header Files\GameStates</Filter>
    </ClInclude>
    <ClInclude Include="GameObjects\AttackHitboxGO.h">
      <Filter>Header Files\GameObjects</Filter>
    </ClInclude>
    <ClInclude Include="Actor\ActorSubscriptions.h">
      <Filter>Header Files\Actors</Filter>
    </ClInclude>
    <ClInclude Include="gacha.h">
      <Filter>Header Files</Filter>
    </ClInclude>
    <ClInclude Include="File\CSV.h">
      <Filter>Header Files\File</Filter>
    </ClInclude>
    <ClInclude Include="Map.h">
      <Filter>Header Files</Filter>
    </ClInclude>
    <ClInclude Include="TileMap.h">
      <Filter>Header Files</Filter>
    </ClInclude>
    <ClInclude Include="CollisionConstants.h">
      <Filter>Header Files</Filter>
    </ClInclude>
    <ClInclude Include="Minimap.h">
      <Filter>Header Files</Filter>
    </ClInclude>
    <ClInclude Include="Elements\Element.h">
      <Filter>Header Files\Elements</Filter>
    </ClInclude>
    <ClInclude Include="Elements\BloodElement.h">
      <Filter>Header Files\Elements</Filter>
    </ClInclude>
    <ClInclude Include="Elements\SunElement.h">
      <Filter>Header Files\Elements</Filter>
    </ClInclude>
    <ClInclude Include="Elements\MoonElement.h">
      <Filter>Header Files\Elements</Filter>
    </ClInclude>
  </ItemGroup>
</Project>