<?xml version="1.0" encoding="utf-8"?>
<Project ToolsVersion="4.0" xmlns="http://schemas.microsoft.com/developer/msbuild/2003">
  <ItemGroup>
    <Filter Include="Source Files">
      <UniqueIdentifier>{4FC737F1-C7A5-4376-A066-2A32D752A2FF}</UniqueIdentifier>
      <Extensions>cpp;c;cc;cxx;c++;cppm;ixx;def;odl;idl;hpj;bat;asm;asmx</Extensions>
    </Filter>
    <Filter Include="Header Files">
      <UniqueIdentifier>{93995380-89BD-4b04-88EB-625FBE52EBFB}</UniqueIdentifier>
      <Extensions>h;hh;hpp;hxx;h++;hm;inl;inc;ipp;xsd</Extensions>
    </Filter>
    <Filter Include="Resource Files">
      <UniqueIdentifier>{67DA6AB6-F800-4c08-8B7A-83BB121AAD01}</UniqueIdentifier>
      <Extensions>rc;ico;cur;bmp;dlg;rc2;rct;bin;rgs;gif;jpg;jpeg;jpe;resx;tiff;tif;png;wav;mfcribbon-ms</Extensions>
    </Filter>
    <Filter Include="Header Files\helpers">
      <UniqueIdentifier>{23ebf1a5-42b6-44f1-8594-17d9c9000bd9}</UniqueIdentifier>
    </Filter>
    <Filter Include="Source Files\helpers">
      <UniqueIdentifier>{4b43a601-e506-4b23-89d6-a4743a05cbfd}</UniqueIdentifier>
    </Filter>
    <Filter Include="Header Files\design_patterns">
      <UniqueIdentifier>{7b04eed9-ea72-4cf1-8c57-56b176f31030}</UniqueIdentifier>
    </Filter>
    <Filter Include="Source Files\design_patterns">
      <UniqueIdentifier>{51959dce-df4e-4b1b-9028-7830c8c8bc4a}</UniqueIdentifier>
    </Filter>
    <Filter Include="Header Files\game_states">
      <UniqueIdentifier>{41a1307c-0b92-4633-bc12-b424dde1d1a4}</UniqueIdentifier>
    </Filter>
    <Filter Include="Source Files\game_states">
      <UniqueIdentifier>{8151293b-3d88-44c3-a977-081dd684ad55}</UniqueIdentifier>
    </Filter>
    <Filter Include="Header Files\game_objects">
      <UniqueIdentifier>{7e18bbe5-b277-4ea4-800f-ce6ff418f67a}</UniqueIdentifier>
    </Filter>
    <Filter Include="Source Files\game_object">
      <UniqueIdentifier>{f589bf8a-0063-4815-ab23-c5f592f73a80}</UniqueIdentifier>
    </Filter>
  </ItemGroup>
  <ItemGroup>
    <ClCompile Include="main.cpp">
      <Filter>Source Files</Filter>
    </ClCompile>
    <ClCompile Include="helpers\bitmask_utils.cpp">
      <Filter>Source Files\helpers</Filter>
    </ClCompile>
    <ClCompile Include="helpers\collision.cpp">
      <Filter>Source Files\helpers</Filter>
    </ClCompile>
    <ClCompile Include="helpers\coord_utils.cpp">
      <Filter>Source Files\helpers</Filter>
    </ClCompile>
    <ClCompile Include="helpers\matrix_utils.cpp">
      <Filter>Source Files\helpers</Filter>
    </ClCompile>
    <ClCompile Include="helpers\render_utils.cpp">
      <Filter>Source Files\helpers</Filter>
    </ClCompile>
    <ClCompile Include="helpers\vec2_utils.cpp">
      <Filter>Source Files\helpers</Filter>
    </ClCompile>
    <ClCompile Include="helpers\color_utils.cpp">
      <Filter>Source Files\helpers</Filter>
    </ClCompile>
    <ClCompile Include="camera.cpp">
      <Filter>Source Files</Filter>
    </ClCompile>
    <ClCompile Include="DesignPatterns\post_office.cpp">
      <Filter>Source Files\design_patterns</Filter>
    </ClCompile>
    <ClCompile Include="game_state_manager.cpp">
      <Filter>Source Files</Filter>
    </ClCompile>
    <ClCompile Include="GameStates\main_menu_state.cpp">
      <Filter>Source Files\game_states</Filter>
    </ClCompile>
    <ClCompile Include="GameStates\game_state.cpp">
      <Filter>Source Files\game_states</Filter>
    </ClCompile>
    <ClCompile Include="GameObjects\GameObject.cpp">
      <Filter>Source Files\game_object</Filter>
    </ClCompile>
    <ClCompile Include="render_data.cpp">
      <Filter>Source Files</Filter>
    </ClCompile>
    <ClCompile Include="rendering_manager.cpp">
      <Filter>Source Files</Filter>
    </ClCompile>
    <ClCompile Include="animation_data.cpp">
      <Filter>Source Files</Filter>
    </ClCompile>
    <ClCompile Include="GameObjects\GameObjectManager.cpp">
      <Filter>Source Files\game_object</Filter>
    </ClCompile>
    <ClCompile Include="Music.cpp">
      <Filter>Source Files</Filter>
    </ClCompile>
    <ClCompile Include="Map.cpp">
      <Filter>Source Files\game_object</Filter>
    </ClCompile>
  </ItemGroup>
  <ItemGroup>
    <ClInclude Include="main.h">
      <Filter>Header Files</Filter>
    </ClInclude>
    <ClInclude Include="helpers\bitmask_utils.h">
      <Filter>Header Files\helpers</Filter>
    </ClInclude>
    <ClInclude Include="helpers\collision.h">
      <Filter>Header Files\helpers</Filter>
    </ClInclude>
    <ClInclude Include="helpers\coord_utils.h">
      <Filter>Header Files\helpers</Filter>
    </ClInclude>
    <ClInclude Include="helpers\matrix_utils.h">
      <Filter>Header Files\helpers</Filter>
    </ClInclude>
    <ClInclude Include="helpers\render_utils.h">
      <Filter>Header Files\helpers</Filter>
    </ClInclude>
    <ClInclude Include="helpers\vec2_utils.h">
      <Filter>Header Files\helpers</Filter>
    </ClInclude>
    <ClInclude Include="helpers\color_utils.h">
      <Filter>Header Files\helpers</Filter>
    </ClInclude>
    <ClInclude Include="camera.h">
      <Filter>Header Files</Filter>
    </ClInclude>
    <ClInclude Include="DesignPatterns\message.h">
      <Filter>Header Files\design_patterns</Filter>
    </ClInclude>
    <ClInclude Include="DesignPatterns\concrete_messages.h">
      <Filter>Header Files\design_patterns</Filter>
    </ClInclude>
    <ClInclude Include="DesignPatterns\post_box.h">
      <Filter>Header Files\design_patterns</Filter>
    </ClInclude>
    <ClInclude Include="DesignPatterns\post_office.h">
      <Filter>Header Files\design_patterns</Filter>
    </ClInclude>
    <ClInclude Include="DesignPatterns\singleton.h">
      <Filter>Header Files\design_patterns</Filter>
    </ClInclude>
    <ClInclude Include="game_state_manager.h">
      <Filter>Header Files</Filter>
    </ClInclude>
    <ClInclude Include="GameStates\main_menu_state.h">
      <Filter>Header Files\game_states</Filter>
    </ClInclude>
    <ClInclude Include="GameStates\game_state.h">
      <Filter>Header Files\game_states</Filter>
    </ClInclude>
    <ClInclude Include="GameObjects\GameObject.h">
      <Filter>Header Files\game_objects</Filter>
    </ClInclude>
    <ClInclude Include="render_data.h">
      <Filter>Header Files</Filter>
    </ClInclude>
    <ClInclude Include="rendering_manager.h">
      <Filter>Header Files</Filter>
    </ClInclude>
    <ClInclude Include="animation_data.h">
      <Filter>Header Files</Filter>
    </ClInclude>
    <ClInclude Include="GameObjects\GameObjectManager.h">
      <Filter>Header Files\game_objects</Filter>
    </ClInclude>
    <ClInclude Include="Music.h">
      <Filter>Header Files</Filter>
    </ClInclude>
    <ClInclude Include="Map.h">
      <Filter>Header Files\game_objects</Filter>
    </ClInclude>
  </ItemGroup>
</Project>